# THIS IS AN AUTOGENERATED FILE. DO NOT EDIT THIS FILE DIRECTLY.
# yarn lockfile v1


"@types/minimist@^1.2.0":
  version "1.2.0"
  resolved "https://registry.yarnpkg.com/@types/minimist/-/minimist-1.2.0.tgz#69a23a3ad29caf0097f06eda59b361ee2f0639f6"
  integrity sha1-aaI6OtKcrwCX8G7aWbNh7i8GOfY=

"@types/node@^12.11.7":
  version "12.11.7"
  resolved "https://registry.yarnpkg.com/@types/node/-/node-12.11.7.tgz#57682a9771a3f7b09c2497f28129a0462966524a"
  integrity sha512-JNbGaHFCLwgHn/iCckiGSOZ1XYHsKFwREtzPwSGCVld1SGhOlmZw2D4ZI94HQCrBHbADzW9m4LER/8olJTRGHA==

minimist@^1.2.6:
  version "1.2.6"
  resolved "https://registry.yarnpkg.com/minimist/-/minimist-1.2.6.tgz#8637a5b759ea0d6e98702cfb3a9283323c93af44"
  integrity sha512-Jsjnk4bw3YJqYzbdyBiNsPWHPfO++UGG749Cxs6peCu5Xg4nrena6OVxOYxrQTqww0Jmwt+Ref8rggumkTLz9Q==
